
Microsoft Visual Studio Solution File, Format Version 12.00
# Visual Studio Version 16
VisualStudioVersion = 16.0.31410.223
MinimumVisualStudioVersion = 10.0.40219.1
Project("{FAE04EC0-301F-11D3-BF4B-00C04F79EFBC}") = "GItHubCLI", "GItHubCLI\GItHubCLI.csproj", "{2CDCD4C1-82E5-48CB-BFE9-972615F25A18}"
EndProject
Global
	GlobalSection(SolutionConfigurationPlatforms) = preSolution
		Debug|Any CPU = Debug|Any CPU
		Release|Any CPU = Release|Any CPU
	EndGlobalSection
	GlobalSection(ProjectConfigurationPlatforms) = postSolution
		{2CDCD4C1-82E5-48CB-BFE9-972615F25A18}.Debug|Any CPU.ActiveCfg = Debug|Any CPU
		{2CDCD4C1-82E5-48CB-BFE9-972615F25A18}.Debug|Any CPU.Build.0 = Debug|Any CPU
		{2CDCD4C1-82E5-48CB-BFE9-972615F25A18}.Release|Any CPU.ActiveCfg = Release|Any CPU
		{2CDCD4C1-82E5-48CB-BFE9-972615F25A18}.Release|Any CPU.Build.0 = Release|Any CPU
	EndGlobalSection
	GlobalSection(SolutionProperties) = preSolution
		HideSolutionNode = FALSE
	EndGlobalSection
	GlobalSection(ExtensibilityGlobals) = postSolution
		SolutionGuid = {C6F3CF2B-D05B-4E84-9A16-2371504C6BF0}
	EndGlobalSection
EndGlobal
